{
  "name": "covquestions-js",
  "version": "0.0.1",
  "lockfileVersion": 1,
  "requires": true,
  "dependencies": {
    "json-logic-js": {
      "version": "1.2.2",
      "resolved": "https://registry.npmjs.org/json-logic-js/-/json-logic-js-1.2.2.tgz",
      "integrity": "sha1-5cOCqm3yXfSF7erTOYaTlsUzr+g="
    },
    "typescript": {
      "version": "3.8.3",
      "resolved": "https://registry.npmjs.org/typescript/-/typescript-3.8.3.tgz",
      "integrity": "sha512-MYlEfn5VrLNsgudQTVJeNaQFUAI7DkhnOjdpAp4T+ku1TfQClewlbSuTVHiA+8skNBgaf02TL/kLOvig4y3G8w==",
      "dev": true
    }
  }
}
