# THIS IS AN AUTOGENERATED FILE. DO NOT EDIT THIS FILE DIRECTLY.
# yarn lockfile v1


json-logic-js@^1.2.2:
  version "1.2.2"
  resolved "https://registry.yarnpkg.com/json-logic-js/-/json-logic-js-1.2.2.tgz#e5c382aa6df25df485edead339869396c533afe8"
  integrity sha1-5cOCqm3yXfSF7erTOYaTlsUzr+g=

typescript@^3.8.3:
  version "3.8.3"
  resolved "https://registry.yarnpkg.com/typescript/-/typescript-3.8.3.tgz#409eb8544ea0335711205869ec458ab109ee1061"
  integrity sha512-MYlEfn5VrLNsgudQTVJeNaQFUAI7DkhnOjdpAp4T+ku1TfQClewlbSuTVHiA+8skNBgaf02TL/kLOvig4y3G8w==
